
Microsoft Visual Studio Solution File, Format Version 12.00
# Visual Studio Version 17
VisualStudioVersion = 17.8.34316.72
MinimumVisualStudioVersion = 10.0.40219.1
Project("{FAE04EC0-301F-11D3-BF4B-00C04F79EFBC}") = "dockerproj", "dockerproj.csproj", "{F574BA45-BCA2-49ED-B939-80D35E0D5113}"
EndProject
Global
	GlobalSection(SolutionConfigurationPlatforms) = preSolution
		Debug|Any CPU = Debug|Any CPU
		Release|Any CPU = Release|Any CPU
	EndGlobalSection
	GlobalSection(ProjectConfigurationPlatforms) = postSolution
		{F574BA45-BCA2-49ED-B939-80D35E0D5113}.Debug|Any CPU.ActiveCfg = Debug|Any CPU
		{F574BA45-BCA2-49ED-B939-80D35E0D5113}.Debug|Any CPU.Build.0 = Debug|Any CPU
		{F574BA45-BCA2-49ED-B939-80D35E0D5113}.Release|Any CPU.ActiveCfg = Release|Any CPU
		{F574BA45-BCA2-49ED-B939-80D35E0D5113}.Release|Any CPU.Build.0 = Release|Any CPU
	EndGlobalSection
	GlobalSection(SolutionProperties) = preSolution
		HideSolutionNode = FALSE
	EndGlobalSection
	GlobalSection(ExtensibilityGlobals) = postSolution
		SolutionGuid = {C68A8B37-975E-4077-B0A9-3BADA24CA6FF}
	EndGlobalSection
EndGlobal
