
Microsoft Visual Studio Solution File, Format Version 12.00
# Visual Studio Version 17
VisualStudioVersion = 17.8.34316.72
MinimumVisualStudioVersion = 10.0.40219.1
Project("{FAE04EC0-301F-11D3-BF4B-00C04F79EFBC}") = "UserManagement", "UserManagement.csproj", "{EFEC710E-C095-4D8E-9131-C38D652E1602}"
EndProject
Global
	GlobalSection(SolutionConfigurationPlatforms) = preSolution
		Debug|Any CPU = Debug|Any CPU
		Release|Any CPU = Release|Any CPU
	EndGlobalSection
	GlobalSection(ProjectConfigurationPlatforms) = postSolution
		{EFEC710E-C095-4D8E-9131-C38D652E1602}.Debug|Any CPU.ActiveCfg = Debug|Any CPU
		{EFEC710E-C095-4D8E-9131-C38D652E1602}.Debug|Any CPU.Build.0 = Debug|Any CPU
		{EFEC710E-C095-4D8E-9131-C38D652E1602}.Release|Any CPU.ActiveCfg = Release|Any CPU
		{EFEC710E-C095-4D8E-9131-C38D652E1602}.Release|Any CPU.Build.0 = Release|Any CPU
	EndGlobalSection
	GlobalSection(SolutionProperties) = preSolution
		HideSolutionNode = FALSE
	EndGlobalSection
	GlobalSection(ExtensibilityGlobals) = postSolution
		SolutionGuid = {14B7C3B0-DF9E-43BF-B896-665533D0E500}
	EndGlobalSection
EndGlobal
