
Microsoft Visual Studio Solution File, Format Version 12.00
# Visual Studio Version 17
VisualStudioVersion = 17.8.34316.72
MinimumVisualStudioVersion = 10.0.40219.1
Project("{FAE04EC0-301F-11D3-BF4B-00C04F79EFBC}") = "jwtdecoder", "jwtdecoder.csproj", "{B3928190-29E4-445A-9D87-BA7FA9AE4092}"
EndProject
Global
	GlobalSection(SolutionConfigurationPlatforms) = preSolution
		Debug|Any CPU = Debug|Any CPU
		Release|Any CPU = Release|Any CPU
	EndGlobalSection
	GlobalSection(ProjectConfigurationPlatforms) = postSolution
		{B3928190-29E4-445A-9D87-BA7FA9AE4092}.Debug|Any CPU.ActiveCfg = Debug|Any CPU
		{B3928190-29E4-445A-9D87-BA7FA9AE4092}.Debug|Any CPU.Build.0 = Debug|Any CPU
		{B3928190-29E4-445A-9D87-BA7FA9AE4092}.Release|Any CPU.ActiveCfg = Release|Any CPU
		{B3928190-29E4-445A-9D87-BA7FA9AE4092}.Release|Any CPU.Build.0 = Release|Any CPU
	EndGlobalSection
	GlobalSection(SolutionProperties) = preSolution
		HideSolutionNode = FALSE
	EndGlobalSection
	GlobalSection(ExtensibilityGlobals) = postSolution
		SolutionGuid = {91FBFB14-63C3-4DC3-9EA0-131E67D43A78}
	EndGlobalSection
EndGlobal
